
Microsoft Visual Studio Solution File, Format Version 11.00
# Visual Studio 2010
Project("{FAE04EC0-301F-11D3-BF4B-00C04F79EFBC}") = "WalshHospitality", "WalshHospitality\WalshHospitality.csproj", "{8D2A71F7-F9C6-4465-90AC-7B8527B62806}"
EndProject
Global
	GlobalSection(SolutionConfigurationPlatforms) = preSolution
		Debug|Any CPU = Debug|Any CPU
		Release|Any CPU = Release|Any CPU
	EndGlobalSection
	GlobalSection(ProjectConfigurationPlatforms) = postSolution
		{8D2A71F7-F9C6-4465-90AC-7B8527B62806}.Debug|Any CPU.ActiveCfg = Debug|Any CPU
		{8D2A71F7-F9C6-4465-90AC-7B8527B62806}.Debug|Any CPU.Build.0 = Debug|Any CPU
		{8D2A71F7-F9C6-4465-90AC-7B8527B62806}.Release|Any CPU.ActiveCfg = Release|Any CPU
		{8D2A71F7-F9C6-4465-90AC-7B8527B62806}.Release|Any CPU.Build.0 = Release|Any CPU
	EndGlobalSection
	GlobalSection(SolutionProperties) = preSolution
		HideSolutionNode = FALSE
	EndGlobalSection
EndGlobal
